
Microsoft Visual Studio Solution File, Format Version 12.00
# Visual Studio 15
VisualStudioVersion = 15.0.28307.1340
MinimumVisualStudioVersion = 10.0.40219.1
Project("{FAE04EC0-301F-11D3-BF4B-00C04F79EFBC}") = "CarInsurance.Web", "CarInsurance\CarInsurance.Web.csproj", "{C51AD09D-3747-4599-9748-B005D8093AA5}"
EndProject
Project("{FAE04EC0-301F-11D3-BF4B-00C04F79EFBC}") = "CarInsurance.Infrastructure", "CarInsurance.Infrastructure\CarInsurance.Infrastructure.csproj", "{C254DC2E-D485-4968-BBE8-AACD3CAA142F}"
EndProject
Project("{FAE04EC0-301F-11D3-BF4B-00C04F79EFBC}") = "CarInsurance.Core", "CarInsurance.Core\CarInsurance.Core.csproj", "{45240380-1E3A-4AB5-A3DB-A1BD89646C06}"
EndProject
Project("{FAE04EC0-301F-11D3-BF4B-00C04F79EFBC}") = "CarInsurance.Application", "CarInsurance.Application\CarInsurance.Application.csproj", "{68B15841-CFAE-4070-B385-555608590E49}"
EndProject
Global
	GlobalSection(SolutionConfigurationPlatforms) = preSolution
		Debug|Any CPU = Debug|Any CPU
		Release|Any CPU = Release|Any CPU
	EndGlobalSection
	GlobalSection(ProjectConfigurationPlatforms) = postSolution
		{C51AD09D-3747-4599-9748-B005D8093AA5}.Debug|Any CPU.ActiveCfg = Debug|Any CPU
		{C51AD09D-3747-4599-9748-B005D8093AA5}.Debug|Any CPU.Build.0 = Debug|Any CPU
		{C51AD09D-3747-4599-9748-B005D8093AA5}.Release|Any CPU.ActiveCfg = Release|Any CPU
		{C51AD09D-3747-4599-9748-B005D8093AA5}.Release|Any CPU.Build.0 = Release|Any CPU
		{C254DC2E-D485-4968-BBE8-AACD3CAA142F}.Debug|Any CPU.ActiveCfg = Debug|Any CPU
		{C254DC2E-D485-4968-BBE8-AACD3CAA142F}.Debug|Any CPU.Build.0 = Debug|Any CPU
		{C254DC2E-D485-4968-BBE8-AACD3CAA142F}.Release|Any CPU.ActiveCfg = Release|Any CPU
		{C254DC2E-D485-4968-BBE8-AACD3CAA142F}.Release|Any CPU.Build.0 = Release|Any CPU
		{45240380-1E3A-4AB5-A3DB-A1BD89646C06}.Debug|Any CPU.ActiveCfg = Debug|Any CPU
		{45240380-1E3A-4AB5-A3DB-A1BD89646C06}.Debug|Any CPU.Build.0 = Debug|Any CPU
		{45240380-1E3A-4AB5-A3DB-A1BD89646C06}.Release|Any CPU.ActiveCfg = Release|Any CPU
		{45240380-1E3A-4AB5-A3DB-A1BD89646C06}.Release|Any CPU.Build.0 = Release|Any CPU
		{68B15841-CFAE-4070-B385-555608590E49}.Debug|Any CPU.ActiveCfg = Debug|Any CPU
		{68B15841-CFAE-4070-B385-555608590E49}.Debug|Any CPU.Build.0 = Debug|Any CPU
		{68B15841-CFAE-4070-B385-555608590E49}.Release|Any CPU.ActiveCfg = Release|Any CPU
		{68B15841-CFAE-4070-B385-555608590E49}.Release|Any CPU.Build.0 = Release|Any CPU
	EndGlobalSection
	GlobalSection(SolutionProperties) = preSolution
		HideSolutionNode = FALSE
	EndGlobalSection
	GlobalSection(ExtensibilityGlobals) = postSolution
		SolutionGuid = {EEA60BF8-52C4-4E5C-BC99-5874434C5F64}
	EndGlobalSection
EndGlobal
